{
    "_meta": {
        "hash": {
            "sha256": "6ec611e2e1652626460ffc7f1032753a59c3ef85e30179b1f8d99ef98dd3e6ab"
        },
        "pipfile-spec": 6,
        "requires": {
            "python_version": "3.8"
        },
        "sources": [
            {
                "name": "pypi",
                "url": "https://pypi.org/simple",
                "verify_ssl": true
            }
        ]
    },
    "default": {
        "mecab-python3": {
            "hashes": [
                "sha256:05ca239ec76da50800ba18bd383736e1a1a7df0db05fd2b6525d34e3b039f120",
                "sha256:0989020517bdc0b8b980cc9cfe2f6082e80bfc19af6b4c7e526766bc92ab9cc5",
                "sha256:1121192cda163aceb9b3f12e9f1dda12abfd4510e9e858058a65b8728ff4b08b",
                "sha256:18edc47bf0daec5a7c428f468f4ff12269f06138639b41688a91ae22f112b135",
                "sha256:1a09ed83dd80787583fe716d8d6f6f78939bcec1cb806fa6667dfaaad4c2d5ae",
                "sha256:1e41b7993b61f61956a59f273161b6f487c7fb7647772be100919812bd3d3c65",
                "sha256:3890c0eb49fb886575a8a4c312ffc39efa94fa629a6decfa47646addee953b64",
                "sha256:43fe8ca1c23bede8f2a001a965c469b868de94c442d4979c1c57841e899fafdd",
                "sha256:48605fcac3c308b03a0154359e7e7efbc7c88d1e020510576a1945f96129d75f",
                "sha256:4a1271e3a900db8c61787b45bf868a33e6d2107581b983c00f58f98f493f64e5",
                "sha256:4c01f1c7e4622eb4c812151bf29dd44cd869629fbf9353171bef4867a3464651",
                "sha256:4fdd0db64a3ff8ac202ef55dff6ab222d8472b73b2aedd92925e856c50365385",
                "sha256:5c92be050b32e4cdc1811955e5ea60ae0fc6c7176d4d5e82c5d09530c317a476",
                "sha256:6667fd513a53c2430cfe7ea165c3e7761c3c93189922237e953ab1672c506375",
                "sha256:79347e2b82774651abc071f1b15efe4b146f5d4ca724f43c6d99c04707fadc9f",
                "sha256:8f0d58465f8545622e95a2c6e9b32e1a7a890797386e27dbef2d4dfff4d2fa81",
                "sha256:910366058147dce0c5eb37b7651b0c7f5611ac3a5f60a9ac28d65673d225268e",
                "sha256:9daaee7a0c234125c12abb8d83a806b8caf18ecf146871e6cce5c16ca20d6c6c",
                "sha256:9de6227fd4c5f76b3dbae9c7141fdd36a49e7c99b42b2a17b3dadcf498223b96",
                "sha256:9fa83cb4f8744d21c4e0fb8abaeebf71e2c32ecf0b697fe629a42cff591a468d",
                "sha256:a912eee399754a656ebeffbad3b5f3077480d15ccc0156216872f0309a8ce2bc",
                "sha256:abd289cd082454245c8c1e23dfd15e35a7ac09a1b47d82c34dfbe5e5bd691146",
                "sha256:b968e61cc308a569c4da9351c1cc99468e320579a39c640511075d202acfc018",
                "sha256:bf9f976abdc446180afa7e6af6f4ed61990eba8ea8d5f01529d91cca403dc253",
                "sha256:c96c5873836cf3f25b71be29b84c4105f0a33bd155ae44323a1b17ca26c3e12b",
                "sha256:d1699451a81c6494c2c330dffcdf0daa6cd2b51e3623bcce5f9471ecbcdefc7d",
                "sha256:d8b29d613549636d32ae17c897d63c8d868867787665307cfa08d62da493073b",
                "sha256:e02082c6873550d20550480405d562b4cde00e1307df3fe9aa1e278d731dd153",
                "sha256:ebf79fc83b31b3c7b95b0b6053ea0dbc8c9ae941078444d5b40a3f9b4932080e",
                "sha256:edb47e1e34854d62131d2c29ff65a863812a8980ab46aed11faa565e9bc42521",
                "sha256:f020a1d9393824de59df0eae1fb551f5025fc37e263ab30bd10ac0ca4bd34bb1",
                "sha256:f0b51a7f6a81f59e86ec014f61a425af5874c0e7a846dbc2bfed8e3ff316e6b0",
                "sha256:f146010b3af47db089364c62413231e1438345765242c70c43585e4ee7aeffa8"
            ],
            "index": "pypi",
            "version": "==1.0.0"
        },
        "neologdn": {
            "hashes": [
                "sha256:045b0bf5574cdf872536e1b477db14b02f0e1e5af41661a7e43d5baf5e874d16",
                "sha256:150b05b1c5f352979df2a042a812c42c9c9594c16fa6a6aa89b1d53b5abc1310",
                "sha256:1c2f98260adc5aea3803ac89b0a5b17129f1fde72c5ea4999937f60e11ab8d2c",
                "sha256:326c4d1945d59d0359b49d5bf103e6a52e62524f11bd538435bc2798ff239695",
                "sha256:3c981d62ba3c8407e7eab50349dfd65b4ea5d04944adfe628d8c869acf6c00c8",
                "sha256:5bde59e2947fba72d2443bf7f0014c6a9660c440a826a5387842ba76e70b83f4",
                "sha256:86d8638dbe83c9ad063c0c51b2e10ab58907532d69d0a294fa8f3ca6f6cb1b14",
                "sha256:a40e795eaa2b57709fd58ef00ecc7c93ba6be42b8956b65769a358b05fa9207e",
                "sha256:e5d44f05e2bf1b941612b923ac95c94e114acd907206c04ccaaa0a2b5b4cef8c"
            ],
            "index": "pypi",
            "version": "==0.4"
        },
        "numpy": {
            "hashes": [
                "sha256:13af0184177469192d80db9bd02619f6fa8b922f9f327e077d6f2a6acb1ce1c0",
                "sha256:26a45798ca2a4e168d00de75d4a524abf5907949231512f372b217ede3429e98",
                "sha256:26f509450db547e4dfa3ec739419b31edad646d21fb8d0ed0734188b35ff6b27",
                "sha256:30a59fb41bb6b8c465ab50d60a1b298d1cd7b85274e71f38af5a75d6c475d2d2",
                "sha256:33c623ef9ca5e19e05991f127c1be5aeb1ab5cdf30cb1c5cf3960752e58b599b",
                "sha256:356f96c9fbec59974a592452ab6a036cd6f180822a60b529a975c9467fcd5f23",
                "sha256:3c40c827d36c6d1c3cf413694d7dc843d50997ebffbc7c87d888a203ed6403a7",
                "sha256:4d054f013a1983551254e2379385e359884e5af105e3efe00418977d02f634a7",
                "sha256:63d971bb211ad3ca37b2adecdd5365f40f3b741a455beecba70fd0dde8b2a4cb",
                "sha256:658624a11f6e1c252b2cd170d94bf28c8f9410acab9f2fd4369e11e1cd4e1aaf",
                "sha256:76766cc80d6128750075378d3bb7812cf146415bd29b588616f72c943c00d598",
                "sha256:7b57f26e5e6ee2f14f960db46bd58ffdca25ca06dd997729b1b179fddd35f5a3",
                "sha256:7b852817800eb02e109ae4a9cef2beda8dd50d98b76b6cfb7b5c0099d27b52d4",
                "sha256:8cde829f14bd38f6da7b2954be0f2837043e8b8d7a9110ec5e318ae6bf706610",
                "sha256:a2e3a39f43f0ce95204beb8fe0831199542ccab1e0c6e486a0b4947256215632",
                "sha256:a86c962e211f37edd61d6e11bb4df7eddc4a519a38a856e20a6498c319efa6b0",
                "sha256:a8705c5073fe3fcc297fb8e0b31aa794e05af6a329e81b7ca4ffecab7f2b95ef",
                "sha256:b6aaeadf1e4866ca0fdf7bb4eed25e521ae21a7947c59f78154b24fc7abbe1dd",
                "sha256:be62aeff8f2f054eff7725f502f6228298891fd648dc2630e03e44bf63e8cee0",
                "sha256:c2edbb783c841e36ca0fa159f0ae97a88ce8137fb3a6cd82eae77349ba4b607b",
                "sha256:cbe326f6d364375a8e5a8ccb7e9cd73f4b2f6dc3b2ed205633a0db8243e2a96a",
                "sha256:d34fbb98ad0d6b563b95de852a284074514331e6b9da0a9fc894fb1cdae7a79e",
                "sha256:d97a86937cf9970453c3b62abb55a6475f173347b4cde7f8dcdb48c8e1b9952d",
                "sha256:dd53d7c4a69e766e4900f29db5872f5824a06827d594427cf1a4aa542818b796",
                "sha256:df1889701e2dfd8ba4dc9b1a010f0a60950077fb5242bb92c8b5c7f1a6f2668a",
                "sha256:fa1fe75b4a9e18b66ae7f0b122543c42debcf800aaafa0212aaff3ad273c2596"
            ],
            "markers": "python_version >= '3.6'",
            "version": "==1.19.0"
        },
        "pandas": {
            "hashes": [
                "sha256:02f1e8f71cd994ed7fcb9a35b6ddddeb4314822a0e09a9c5b2d278f8cb5d4096",
                "sha256:13f75fb18486759da3ff40f5345d9dd20e7d78f2a39c5884d013456cec9876f0",
                "sha256:35b670b0abcfed7cad76f2834041dcf7ae47fd9b22b63622d67cdc933d79f453",
                "sha256:4c73f373b0800eb3062ffd13d4a7a2a6d522792fa6eb204d67a4fad0a40f03dc",
                "sha256:5759edf0b686b6f25a5d4a447ea588983a33afc8a0081a0954184a4a87fd0dd7",
                "sha256:5a7cf6044467c1356b2b49ef69e50bf4d231e773c3ca0558807cdba56b76820b",
                "sha256:69c5d920a0b2a9838e677f78f4dde506b95ea8e4d30da25859db6469ded84fa8",
                "sha256:8778a5cc5a8437a561e3276b85367412e10ae9fff07db1eed986e427d9a674f8",
                "sha256:9871ef5ee17f388f1cb35f76dc6106d40cb8165c562d573470672f4cdefa59ef",
                "sha256:9c31d52f1a7dd2bb4681d9f62646c7aa554f19e8e9addc17e8b1b20011d7522d",
                "sha256:ab8173a8efe5418bbe50e43f321994ac6673afc5c7c4839014cf6401bbdd0705",
                "sha256:ae961f1f0e270f1e4e2273f6a539b2ea33248e0e3a11ffb479d757918a5e03a9",
                "sha256:b3c4f93fcb6e97d993bf87cdd917883b7dab7d20c627699f360a8fb49e9e0b91",
                "sha256:c9410ce8a3dee77653bc0684cfa1535a7f9c291663bd7ad79e39f5ab58f67ab3",
                "sha256:f69e0f7b7c09f1f612b1f8f59e2df72faa8a6b41c5a436dde5b615aaf948f107",
                "sha256:faa42a78d1350b02a7d2f0dbe3c80791cf785663d6997891549d0f86dc49125e"
            ],
            "index": "pypi",
            "version": "==1.0.5"
        },
        "python-dateutil": {
            "hashes": [
                "sha256:73ebfe9dbf22e832286dafa60473e4cd239f8592f699aa5adaf10050e6e1823c",
                "sha256:75bb3f31ea686f1197762692a9ee6a7550b59fc6ca3a1f4b5d7e32fb98e2da2a"
            ],
            "markers": "python_version >= '2.7' and python_version not in '3.0, 3.1, 3.2, 3.3'",
            "version": "==2.8.1"
        },
        "pytz": {
            "hashes": [
                "sha256:a494d53b6d39c3c6e44c3bec237336e14305e4f29bbf800b599253057fbb79ed",
                "sha256:c35965d010ce31b23eeb663ed3cc8c906275d6be1a34393a1d73a41febf4a048"
            ],
            "version": "==2020.1"
        },
        "six": {
            "hashes": [
                "sha256:30639c035cdb23534cd4aa2dd52c3bf48f06e5f4a941509c8bafd8ce11080259",
                "sha256:8b74bedcbbbaca38ff6d7491d76f2b06b3592611af620f8426e82dddb04a5ced"
            ],
            "markers": "python_version >= '2.7' and python_version not in '3.0, 3.1, 3.2, 3.3'",
            "version": "==1.15.0"
        },
        "xlrd": {
            "hashes": [
                "sha256:546eb36cee8db40c3eaa46c351e67ffee6eeb5fa2650b71bc4c758a29a1b29b2",
                "sha256:e551fb498759fa3a5384a94ccd4c3c02eb7c00ea424426e212ac0c57be9dfbde"
            ],
            "index": "pypi",
            "version": "==1.2.0"
        }
    },
    "develop": {}
}
